
Microsoft Visual Studio Solution File, Format Version 12.00
# Visual Studio Version 17
VisualStudioVersion = 17.14.36908.2
MinimumVisualStudioVersion = 10.0.40219.1
Project("{FAE04EC0-301F-11D3-BF4B-00C04F79EFBC}") = "Calculator", "Calculator\Calculator.csproj", "{629FE081-AF4D-43E2-9773-6290AC72B9DC}"
EndProject
Project("{FAE04EC0-301F-11D3-BF4B-00C04F79EFBC}") = "CalculatorLibrary", "CalculatorLibrary\CalculatorLibrary.csproj", "{4FC75604-A30C-4EA1-B8D8-7154A8413EC8}"
EndProject
Global
	GlobalSection(SolutionConfigurationPlatforms) = preSolution
		Debug|Any CPU = Debug|Any CPU
		Release|Any CPU = Release|Any CPU
	EndGlobalSection
	GlobalSection(ProjectConfigurationPlatforms) = postSolution
		{629FE081-AF4D-43E2-9773-6290AC72B9DC}.Debug|Any CPU.ActiveCfg = Debug|Any CPU
		{629FE081-AF4D-43E2-9773-6290AC72B9DC}.Debug|Any CPU.Build.0 = Debug|Any CPU
		{629FE081-AF4D-43E2-9773-6290AC72B9DC}.Release|Any CPU.ActiveCfg = Release|Any CPU
		{629FE081-AF4D-43E2-9773-6290AC72B9DC}.Release|Any CPU.Build.0 = Release|Any CPU
		{4FC75604-A30C-4EA1-B8D8-7154A8413EC8}.Debug|Any CPU.ActiveCfg = Debug|Any CPU
		{4FC75604-A30C-4EA1-B8D8-7154A8413EC8}.Debug|Any CPU.Build.0 = Debug|Any CPU
		{4FC75604-A30C-4EA1-B8D8-7154A8413EC8}.Release|Any CPU.ActiveCfg = Release|Any CPU
		{4FC75604-A30C-4EA1-B8D8-7154A8413EC8}.Release|Any CPU.Build.0 = Release|Any CPU
	EndGlobalSection
	GlobalSection(SolutionProperties) = preSolution
		HideSolutionNode = FALSE
	EndGlobalSection
	GlobalSection(ExtensibilityGlobals) = postSolution
		SolutionGuid = {ED1E3652-0103-4F02-BDCD-39B880FFB5EB}
	EndGlobalSection
EndGlobal
